
Microsoft Visual Studio Solution File, Format Version 12.00
# Visual Studio Version 17
VisualStudioVersion = 17.14.36310.24 d17.14
MinimumVisualStudioVersion = 10.0.40219.1
Project("{FAE04EC0-301F-11D3-BF4B-00C04F79EFBC}") = "ACTIVITY9. Memory Game Simulator", "ACTIVITY9. Memory Game Simulator.csproj", "{0981E2F1-B8A8-4280-9519-EC57F6F6097A}"
EndProject
Global
	GlobalSection(SolutionConfigurationPlatforms) = preSolution
		Debug|Any CPU = Debug|Any CPU
		Release|Any CPU = Release|Any CPU
	EndGlobalSection
	GlobalSection(ProjectConfigurationPlatforms) = postSolution
		{0981E2F1-B8A8-4280-9519-EC57F6F6097A}.Debug|Any CPU.ActiveCfg = Debug|Any CPU
		{0981E2F1-B8A8-4280-9519-EC57F6F6097A}.Debug|Any CPU.Build.0 = Debug|Any CPU
		{0981E2F1-B8A8-4280-9519-EC57F6F6097A}.Release|Any CPU.ActiveCfg = Release|Any CPU
		{0981E2F1-B8A8-4280-9519-EC57F6F6097A}.Release|Any CPU.Build.0 = Release|Any CPU
	EndGlobalSection
	GlobalSection(SolutionProperties) = preSolution
		HideSolutionNode = FALSE
	EndGlobalSection
	GlobalSection(ExtensibilityGlobals) = postSolution
		SolutionGuid = {1453CF28-F0C0-4B83-AB44-64FE8C797AC8}
	EndGlobalSection
EndGlobal
